
Microsoft Visual Studio Solution File, Format Version 12.00
# Visual Studio 15
VisualStudioVersion = 15.0.28307.1082
MinimumVisualStudioVersion = 10.0.40219.1
Project("{FAE04EC0-301F-11D3-BF4B-00C04F79EFBC}") = "BibliotecaClases", "BibliotecaClases\BibliotecaClases.csproj", "{317CA0CC-08D5-4094-8B90-99A78DD848C7}"
EndProject
Project("{FAE04EC0-301F-11D3-BF4B-00C04F79EFBC}") = "Vista", "Vista\Vista.csproj", "{7AA8B206-ABB2-4317-AE00-0DF6D4515C88}"
EndProject
Project("{FAE04EC0-301F-11D3-BF4B-00C04F79EFBC}") = "Controlador", "Controlador\Controlador.csproj", "{12CA5409-2391-4415-A14F-36BF85F44090}"
EndProject
Global
	GlobalSection(SolutionConfigurationPlatforms) = preSolution
		Debug|Any CPU = Debug|Any CPU
		Release|Any CPU = Release|Any CPU
	EndGlobalSection
	GlobalSection(ProjectConfigurationPlatforms) = postSolution
		{317CA0CC-08D5-4094-8B90-99A78DD848C7}.Debug|Any CPU.ActiveCfg = Debug|Any CPU
		{317CA0CC-08D5-4094-8B90-99A78DD848C7}.Debug|Any CPU.Build.0 = Debug|Any CPU
		{317CA0CC-08D5-4094-8B90-99A78DD848C7}.Release|Any CPU.ActiveCfg = Release|Any CPU
		{317CA0CC-08D5-4094-8B90-99A78DD848C7}.Release|Any CPU.Build.0 = Release|Any CPU
		{7AA8B206-ABB2-4317-AE00-0DF6D4515C88}.Debug|Any CPU.ActiveCfg = Debug|Any CPU
		{7AA8B206-ABB2-4317-AE00-0DF6D4515C88}.Debug|Any CPU.Build.0 = Debug|Any CPU
		{7AA8B206-ABB2-4317-AE00-0DF6D4515C88}.Release|Any CPU.ActiveCfg = Release|Any CPU
		{7AA8B206-ABB2-4317-AE00-0DF6D4515C88}.Release|Any CPU.Build.0 = Release|Any CPU
		{12CA5409-2391-4415-A14F-36BF85F44090}.Debug|Any CPU.ActiveCfg = Debug|Any CPU
		{12CA5409-2391-4415-A14F-36BF85F44090}.Debug|Any CPU.Build.0 = Debug|Any CPU
		{12CA5409-2391-4415-A14F-36BF85F44090}.Release|Any CPU.ActiveCfg = Release|Any CPU
		{12CA5409-2391-4415-A14F-36BF85F44090}.Release|Any CPU.Build.0 = Release|Any CPU
	EndGlobalSection
	GlobalSection(SolutionProperties) = preSolution
		HideSolutionNode = FALSE
	EndGlobalSection
	GlobalSection(ExtensibilityGlobals) = postSolution
		SolutionGuid = {AEB37997-5264-4453-A6E1-910C5CE0ECA2}
	EndGlobalSection
EndGlobal
